
Microsoft Visual Studio Solution File, Format Version 12.00
# Visual Studio Version 17
VisualStudioVersion = 17.7.34202.233
MinimumVisualStudioVersion = 10.0.40219.1
Project("{FAE04EC0-301F-11D3-BF4B-00C04F79EFBC}") = "calculation1", "calculation1\calculation1.csproj", "{911FC93F-49C9-45B2-A02D-9D794F37C189}"
EndProject
Global
	GlobalSection(SolutionConfigurationPlatforms) = preSolution
		Debug|Any CPU = Debug|Any CPU
		Release|Any CPU = Release|Any CPU
	EndGlobalSection
	GlobalSection(ProjectConfigurationPlatforms) = postSolution
		{911FC93F-49C9-45B2-A02D-9D794F37C189}.Debug|Any CPU.ActiveCfg = Debug|Any CPU
		{911FC93F-49C9-45B2-A02D-9D794F37C189}.Debug|Any CPU.Build.0 = Debug|Any CPU
		{911FC93F-49C9-45B2-A02D-9D794F37C189}.Release|Any CPU.ActiveCfg = Release|Any CPU
		{911FC93F-49C9-45B2-A02D-9D794F37C189}.Release|Any CPU.Build.0 = Release|Any CPU
	EndGlobalSection
	GlobalSection(SolutionProperties) = preSolution
		HideSolutionNode = FALSE
	EndGlobalSection
	GlobalSection(ExtensibilityGlobals) = postSolution
		SolutionGuid = {4ED66365-A04A-4918-918B-E622F24473F3}
	EndGlobalSection
EndGlobal
